
Microsoft Visual Studio Solution File, Format Version 12.00
# Visual Studio Version 16
VisualStudioVersion = 16.0.29920.165
MinimumVisualStudioVersion = 10.0.40219.1
Project("{9A19103F-16F7-4668-BE54-9A1E7A4F7556}") = "TiendaServicios.Api.Autor", "TiendaServicios.Api.Autor\TiendaServicios.Api.Autor.csproj", "{3008EC5F-C60F-4CB2-96C5-8A29753865B1}"
EndProject
Project("{9A19103F-16F7-4668-BE54-9A1E7A4F7556}") = "TiendaServicios.Api.Libro", "TiendaServicios.Api.Libro\TiendaServicios.Api.Libro.csproj", "{1511C201-9D9F-4B31-91A7-3F40D867F8D7}"
EndProject
Project("{9A19103F-16F7-4668-BE54-9A1E7A4F7556}") = "TiendaServicios.Api.CarritoCompra", "TiendaServicios.Api.CarritoCompra\TiendaServicios.Api.CarritoCompra.csproj", "{DF5FEC81-8BB9-4A7D-83C0-F0A90EFEC7D0}"
EndProject
Project("{9A19103F-16F7-4668-BE54-9A1E7A4F7556}") = "TiendaServicios.Api.Libro.Tests", "TiendaServicios.Api.Libro.Tests\TiendaServicios.Api.Libro.Tests.csproj", "{25A7786D-602C-4F35-B2CA-72ECFFE3BB17}"
EndProject
Project("{E53339B2-1760-4266-BCC7-CA923CBCF16C}") = "docker-compose", "docker-compose.dcproj", "{00A3599D-F1E8-4171-9D38-745873C36813}"
EndProject
Project("{9A19103F-16F7-4668-BE54-9A1E7A4F7556}") = "TiendaServicios.Api.Gateway", "TiendaServicios.Api.Gateway\TiendaServicios.Api.Gateway.csproj", "{4B467EDA-EE57-4E5D-B2BC-7016CEFE71D3}"
EndProject
Project("{9A19103F-16F7-4668-BE54-9A1E7A4F7556}") = "TiendaServicios.RabbitMQ.Bus", "TiendaServicios.RabbitMQ.Bus\TiendaServicios.RabbitMQ.Bus.csproj", "{5B26E092-C6E9-4E7D-B228-BE42522F1D68}"
EndProject
Project("{FAE04EC0-301F-11D3-BF4B-00C04F79EFBC}") = "TiendaServicios.Mensajeria.Email", "TiendaServicios.Mensajeria.Email\TiendaServicios.Mensajeria.Email.csproj", "{EC187B3B-C2D5-48DD-9AB4-82E3A1EA1886}"
EndProject
Global
	GlobalSection(SolutionConfigurationPlatforms) = preSolution
		Debug|Any CPU = Debug|Any CPU
		Release|Any CPU = Release|Any CPU
	EndGlobalSection
	GlobalSection(ProjectConfigurationPlatforms) = postSolution
		{3008EC5F-C60F-4CB2-96C5-8A29753865B1}.Debug|Any CPU.ActiveCfg = Debug|Any CPU
		{3008EC5F-C60F-4CB2-96C5-8A29753865B1}.Debug|Any CPU.Build.0 = Debug|Any CPU
		{3008EC5F-C60F-4CB2-96C5-8A29753865B1}.Release|Any CPU.ActiveCfg = Release|Any CPU
		{3008EC5F-C60F-4CB2-96C5-8A29753865B1}.Release|Any CPU.Build.0 = Release|Any CPU
		{1511C201-9D9F-4B31-91A7-3F40D867F8D7}.Debug|Any CPU.ActiveCfg = Debug|Any CPU
		{1511C201-9D9F-4B31-91A7-3F40D867F8D7}.Debug|Any CPU.Build.0 = Debug|Any CPU
		{1511C201-9D9F-4B31-91A7-3F40D867F8D7}.Release|Any CPU.ActiveCfg = Release|Any CPU
		{1511C201-9D9F-4B31-91A7-3F40D867F8D7}.Release|Any CPU.Build.0 = Release|Any CPU
		{DF5FEC81-8BB9-4A7D-83C0-F0A90EFEC7D0}.Debug|Any CPU.ActiveCfg = Debug|Any CPU
		{DF5FEC81-8BB9-4A7D-83C0-F0A90EFEC7D0}.Debug|Any CPU.Build.0 = Debug|Any CPU
		{DF5FEC81-8BB9-4A7D-83C0-F0A90EFEC7D0}.Release|Any CPU.ActiveCfg = Release|Any CPU
		{DF5FEC81-8BB9-4A7D-83C0-F0A90EFEC7D0}.Release|Any CPU.Build.0 = Release|Any CPU
		{25A7786D-602C-4F35-B2CA-72ECFFE3BB17}.Debug|Any CPU.ActiveCfg = Debug|Any CPU
		{25A7786D-602C-4F35-B2CA-72ECFFE3BB17}.Debug|Any CPU.Build.0 = Debug|Any CPU
		{25A7786D-602C-4F35-B2CA-72ECFFE3BB17}.Release|Any CPU.ActiveCfg = Release|Any CPU
		{25A7786D-602C-4F35-B2CA-72ECFFE3BB17}.Release|Any CPU.Build.0 = Release|Any CPU
		{00A3599D-F1E8-4171-9D38-745873C36813}.Debug|Any CPU.ActiveCfg = Debug|Any CPU
		{00A3599D-F1E8-4171-9D38-745873C36813}.Debug|Any CPU.Build.0 = Debug|Any CPU
		{00A3599D-F1E8-4171-9D38-745873C36813}.Release|Any CPU.ActiveCfg = Release|Any CPU
		{00A3599D-F1E8-4171-9D38-745873C36813}.Release|Any CPU.Build.0 = Release|Any CPU
		{4B467EDA-EE57-4E5D-B2BC-7016CEFE71D3}.Debug|Any CPU.ActiveCfg = Debug|Any CPU
		{4B467EDA-EE57-4E5D-B2BC-7016CEFE71D3}.Debug|Any CPU.Build.0 = Debug|Any CPU
		{4B467EDA-EE57-4E5D-B2BC-7016CEFE71D3}.Release|Any CPU.ActiveCfg = Release|Any CPU
		{4B467EDA-EE57-4E5D-B2BC-7016CEFE71D3}.Release|Any CPU.Build.0 = Release|Any CPU
		{5B26E092-C6E9-4E7D-B228-BE42522F1D68}.Debug|Any CPU.ActiveCfg = Debug|Any CPU
		{5B26E092-C6E9-4E7D-B228-BE42522F1D68}.Debug|Any CPU.Build.0 = Debug|Any CPU
		{5B26E092-C6E9-4E7D-B228-BE42522F1D68}.Release|Any CPU.ActiveCfg = Release|Any CPU
		{5B26E092-C6E9-4E7D-B228-BE42522F1D68}.Release|Any CPU.Build.0 = Release|Any CPU
		{EC187B3B-C2D5-48DD-9AB4-82E3A1EA1886}.Debug|Any CPU.ActiveCfg = Debug|Any CPU
		{EC187B3B-C2D5-48DD-9AB4-82E3A1EA1886}.Debug|Any CPU.Build.0 = Debug|Any CPU
		{EC187B3B-C2D5-48DD-9AB4-82E3A1EA1886}.Release|Any CPU.ActiveCfg = Release|Any CPU
		{EC187B3B-C2D5-48DD-9AB4-82E3A1EA1886}.Release|Any CPU.Build.0 = Release|Any CPU
	EndGlobalSection
	GlobalSection(SolutionProperties) = preSolution
		HideSolutionNode = FALSE
	EndGlobalSection
	GlobalSection(ExtensibilityGlobals) = postSolution
		SolutionGuid = {2E8C7348-8191-4503-8D8D-0F92FAFB5615}
	EndGlobalSection
EndGlobal
